
Microsoft Visual Studio Solution File, Format Version 12.00
# Visual Studio 2015
Project("{FAE04EC0-301F-11D3-BF4B-00C04F79EFBC}") = "BulletHeck.CSharp", "BulletHeck.CSharp.csproj", "{B285F7FB-CEA3-F501-AD65-14624BEF596F}"
EndProject
Global
	GlobalSection(SolutionConfigurationPlatforms) = preSolution
		Debug|Any CPU = Debug|Any CPU
		Release|Any CPU = Release|Any CPU
	EndGlobalSection
	GlobalSection(ProjectConfigurationPlatforms) = postSolution
		{B285F7FB-CEA3-F501-AD65-14624BEF596F}.Debug|Any CPU.ActiveCfg = Debug|Any CPU
		{B285F7FB-CEA3-F501-AD65-14624BEF596F}.Debug|Any CPU.Build.0 = Debug|Any CPU
		{B285F7FB-CEA3-F501-AD65-14624BEF596F}.Release|Any CPU.ActiveCfg = Release|Any CPU
		{B285F7FB-CEA3-F501-AD65-14624BEF596F}.Release|Any CPU.Build.0 = Release|Any CPU
	EndGlobalSection
	GlobalSection(SolutionProperties) = preSolution
		HideSolutionNode = FALSE
	EndGlobalSection
EndGlobal
